
Microsoft Visual Studio Solution File, Format Version 12.00
# Visual Studio Version 17
VisualStudioVersion = 17.10.35122.118
MinimumVisualStudioVersion = 10.0.40219.1
Project("{9A19103F-16F7-4668-BE54-9A1E7A4F7556}") = "BulkyWeb", "BulkyWeb\BulkyWeb.csproj", "{F633EEF7-AAFB-464B-A278-64D6B0750B54}"
EndProject
Project("{9A19103F-16F7-4668-BE54-9A1E7A4F7556}") = "Bulky.Models", "Bulky.Model\Bulky.Models.csproj", "{58DFD5B2-D8F0-4850-AF54-2735B713D466}"
EndProject
Project("{9A19103F-16F7-4668-BE54-9A1E7A4F7556}") = "Bulky.DataAccess", "Bulky.DataAccess\Bulky.DataAccess.csproj", "{698F09C1-24B4-409F-AAE6-DDBC4CE1F79F}"
EndProject
Project("{9A19103F-16F7-4668-BE54-9A1E7A4F7556}") = "Bulky.Utility", "Bulky.Utility\Bulky.Utility.csproj", "{C28BD20A-D7F9-4F08-B3DE-D6C4BC2960BC}"
EndProject
Global
	GlobalSection(SolutionConfigurationPlatforms) = preSolution
		Debug|Any CPU = Debug|Any CPU
		Release|Any CPU = Release|Any CPU
	EndGlobalSection
	GlobalSection(ProjectConfigurationPlatforms) = postSolution
		{F633EEF7-AAFB-464B-A278-64D6B0750B54}.Debug|Any CPU.ActiveCfg = Debug|Any CPU
		{F633EEF7-AAFB-464B-A278-64D6B0750B54}.Debug|Any CPU.Build.0 = Debug|Any CPU
		{F633EEF7-AAFB-464B-A278-64D6B0750B54}.Release|Any CPU.ActiveCfg = Release|Any CPU
		{F633EEF7-AAFB-464B-A278-64D6B0750B54}.Release|Any CPU.Build.0 = Release|Any CPU
		{58DFD5B2-D8F0-4850-AF54-2735B713D466}.Debug|Any CPU.ActiveCfg = Debug|Any CPU
		{58DFD5B2-D8F0-4850-AF54-2735B713D466}.Debug|Any CPU.Build.0 = Debug|Any CPU
		{58DFD5B2-D8F0-4850-AF54-2735B713D466}.Release|Any CPU.ActiveCfg = Release|Any CPU
		{58DFD5B2-D8F0-4850-AF54-2735B713D466}.Release|Any CPU.Build.0 = Release|Any CPU
		{698F09C1-24B4-409F-AAE6-DDBC4CE1F79F}.Debug|Any CPU.ActiveCfg = Debug|Any CPU
		{698F09C1-24B4-409F-AAE6-DDBC4CE1F79F}.Debug|Any CPU.Build.0 = Debug|Any CPU
		{698F09C1-24B4-409F-AAE6-DDBC4CE1F79F}.Release|Any CPU.ActiveCfg = Release|Any CPU
		{698F09C1-24B4-409F-AAE6-DDBC4CE1F79F}.Release|Any CPU.Build.0 = Release|Any CPU
		{C28BD20A-D7F9-4F08-B3DE-D6C4BC2960BC}.Debug|Any CPU.ActiveCfg = Debug|Any CPU
		{C28BD20A-D7F9-4F08-B3DE-D6C4BC2960BC}.Debug|Any CPU.Build.0 = Debug|Any CPU
		{C28BD20A-D7F9-4F08-B3DE-D6C4BC2960BC}.Release|Any CPU.ActiveCfg = Release|Any CPU
		{C28BD20A-D7F9-4F08-B3DE-D6C4BC2960BC}.Release|Any CPU.Build.0 = Release|Any CPU
	EndGlobalSection
	GlobalSection(SolutionProperties) = preSolution
		HideSolutionNode = FALSE
	EndGlobalSection
	GlobalSection(ExtensibilityGlobals) = postSolution
		SolutionGuid = {083AF843-6A9D-4DD2-94E5-3494B229BB9F}
	EndGlobalSection
EndGlobal
